
Microsoft Visual Studio Solution File, Format Version 12.00
# Visual Studio Version 17
VisualStudioVersion = 17.14.36109.1 d17.14
MinimumVisualStudioVersion = 10.0.40219.1
Project("{FAE04EC0-301F-11D3-BF4B-00C04F79EFBC}") = "JsonSchema_oM", "JsonSchema_oM\JsonSchema_oM.csproj", "{8F61F03E-FC34-4373-85B4-3999ECB7239C}"
EndProject
Project("{FAE04EC0-301F-11D3-BF4B-00C04F79EFBC}") = "JsonSchema_Engine", "JsonSchema_Engine\JsonSchema_Engine.csproj", "{248F0749-87CC-4416-988C-51CE97D4055B}"
EndProject
Global
	GlobalSection(SolutionConfigurationPlatforms) = preSolution
		Debug|Any CPU = Debug|Any CPU
		Release|Any CPU = Release|Any CPU
	EndGlobalSection
	GlobalSection(ProjectConfigurationPlatforms) = postSolution
		{8F61F03E-FC34-4373-85B4-3999ECB7239C}.Debug|Any CPU.ActiveCfg = Debug|Any CPU
		{8F61F03E-FC34-4373-85B4-3999ECB7239C}.Debug|Any CPU.Build.0 = Debug|Any CPU
		{8F61F03E-FC34-4373-85B4-3999ECB7239C}.Release|Any CPU.ActiveCfg = Release|Any CPU
		{8F61F03E-FC34-4373-85B4-3999ECB7239C}.Release|Any CPU.Build.0 = Release|Any CPU
		{248F0749-87CC-4416-988C-51CE97D4055B}.Debug|Any CPU.ActiveCfg = Debug|Any CPU
		{248F0749-87CC-4416-988C-51CE97D4055B}.Debug|Any CPU.Build.0 = Debug|Any CPU
		{248F0749-87CC-4416-988C-51CE97D4055B}.Release|Any CPU.ActiveCfg = Release|Any CPU
		{248F0749-87CC-4416-988C-51CE97D4055B}.Release|Any CPU.Build.0 = Release|Any CPU
	EndGlobalSection
	GlobalSection(SolutionProperties) = preSolution
		HideSolutionNode = FALSE
	EndGlobalSection
	GlobalSection(ExtensibilityGlobals) = postSolution
		SolutionGuid = {AA3C53AF-30F7-4258-A326-6BA41D6184DD}
	EndGlobalSection
EndGlobal
